
Microsoft Visual Studio Solution File, Format Version 12.00
# Visual Studio 14
VisualStudioVersion = 14.0.23107.0
MinimumVisualStudioVersion = 10.0.40219.1
Project("{FAE04EC0-301F-11D3-BF4B-00C04F79EFBC}") = "Goliat", "Goliat\Goliat.csproj", "{61C47B2C-6F38-4222-B23F-8CDE4DE19732}"
EndProject
Project("{FAE04EC0-301F-11D3-BF4B-00C04F79EFBC}") = "Goliat.Tests", "Goliat.Tests\Goliat.Tests.csproj", "{CAF16974-35D2-43CC-90B0-4BF2A2B30834}"
EndProject
Global
	GlobalSection(SolutionConfigurationPlatforms) = preSolution
		Debug|Any CPU = Debug|Any CPU
		Release|Any CPU = Release|Any CPU
	EndGlobalSection
	GlobalSection(ProjectConfigurationPlatforms) = postSolution
		{61C47B2C-6F38-4222-B23F-8CDE4DE19732}.Debug|Any CPU.ActiveCfg = Debug|Any CPU
		{61C47B2C-6F38-4222-B23F-8CDE4DE19732}.Debug|Any CPU.Build.0 = Debug|Any CPU
		{61C47B2C-6F38-4222-B23F-8CDE4DE19732}.Release|Any CPU.ActiveCfg = Release|Any CPU
		{61C47B2C-6F38-4222-B23F-8CDE4DE19732}.Release|Any CPU.Build.0 = Release|Any CPU
		{CAF16974-35D2-43CC-90B0-4BF2A2B30834}.Debug|Any CPU.ActiveCfg = Debug|Any CPU
		{CAF16974-35D2-43CC-90B0-4BF2A2B30834}.Debug|Any CPU.Build.0 = Debug|Any CPU
		{CAF16974-35D2-43CC-90B0-4BF2A2B30834}.Release|Any CPU.ActiveCfg = Release|Any CPU
		{CAF16974-35D2-43CC-90B0-4BF2A2B30834}.Release|Any CPU.Build.0 = Release|Any CPU
	EndGlobalSection
	GlobalSection(SolutionProperties) = preSolution
		HideSolutionNode = FALSE
	EndGlobalSection
EndGlobal
